
Microsoft Visual Studio Solution File, Format Version 11.00
# Visual Studio 2010
Project("{8BC9CEB8-8B4A-11D0-8D11-00A0C91BC942}") = "TraceWin", "TraceWin.vcxproj", "{E6A63A08-4C19-CA48-81EA-4317ABE233BF}"
EndProject
Global
	GlobalSection(SolutionConfigurationPlatforms) = preSolution
		Debug|Win32 = Debug|Win32
		Release|Win32 = Release|Win32
	EndGlobalSection
	GlobalSection(ProjectConfigurationPlatforms) = postSolution
		{E6A63A08-4C19-CA48-81EA-4317ABE233BF}.Debug|Win32.ActiveCfg = Debug|Win32
		{E6A63A08-4C19-CA48-81EA-4317ABE233BF}.Debug|Win32.Build.0 = Debug|Win32
		{E6A63A08-4C19-CA48-81EA-4317ABE233BF}.Release|Win32.ActiveCfg = Release|Win32
		{E6A63A08-4C19-CA48-81EA-4317ABE233BF}.Release|Win32.Build.0 = Release|Win32
	EndGlobalSection
	GlobalSection(SolutionProperties) = preSolution
		HideSolutionNode = FALSE
	EndGlobalSection
EndGlobal
