Microsoft Visual Studio Solution File, Format Version 7.00
Project("{8BC9CEB8-8B4A-11D0-8D11-00A0C91BC942}") = "HTMLEdit", "HTMLEdit.vcproj", "{B42EB8CE-8F7B-457C-86F3-6F74E93A8AD0}"
EndProject
Global
	GlobalSection(SolutionConfiguration) = preSolution
		ConfigName.0 = Debug
		ConfigName.1 = Release
	EndGlobalSection
	GlobalSection(ProjectDependencies) = postSolution
	EndGlobalSection
	GlobalSection(ProjectConfiguration) = postSolution
		{B42EB8CE-8F7B-457C-86F3-6F74E93A8AD0}.Debug.ActiveCfg = Debug|Win32
		{B42EB8CE-8F7B-457C-86F3-6F74E93A8AD0}.Debug.Build.0 = Debug|Win32
		{B42EB8CE-8F7B-457C-86F3-6F74E93A8AD0}.Release.ActiveCfg = Release|Win32
		{B42EB8CE-8F7B-457C-86F3-6F74E93A8AD0}.Release.Build.0 = Release|Win32
	EndGlobalSection
	GlobalSection(ExtensibilityGlobals) = postSolution
	EndGlobalSection
	GlobalSection(ExtensibilityAddIns) = postSolution
	EndGlobalSection
EndGlobal
