
Microsoft Visual Studio Solution File, Format Version 9.00
# Visual Studio 2005
Project("{8BC9CEB8-8B4A-11D0-8D11-00A0C91BC942}") = "Mail", "test.vcproj", "{9F4D9B18-1D6A-4728-86B6-998CE45E02DE}"
EndProject
Global
	GlobalSection(SolutionConfigurationPlatforms) = preSolution
		Debug|Win32 = Debug|Win32
		Release|Win32 = Release|Win32
	EndGlobalSection
	GlobalSection(ProjectConfigurationPlatforms) = postSolution
		{9F4D9B18-1D6A-4728-86B6-998CE45E02DE}.Debug|Win32.ActiveCfg = Unicode Debug|Win32
		{9F4D9B18-1D6A-4728-86B6-998CE45E02DE}.Debug|Win32.Build.0 = Unicode Debug|Win32
		{9F4D9B18-1D6A-4728-86B6-998CE45E02DE}.Release|Win32.ActiveCfg = Release|Win32
		{9F4D9B18-1D6A-4728-86B6-998CE45E02DE}.Release|Win32.Build.0 = Release|Win32
	EndGlobalSection
	GlobalSection(SolutionProperties) = preSolution
		HideSolutionNode = FALSE
	EndGlobalSection
EndGlobal
