
Microsoft Visual Studio Solution File, Format Version 9.00
# Visual Studio 2005
Project("{8BC9CEB8-8B4A-11D0-8D11-00A0C91BC942}") = "UsingStaticLib", "UsingStaticLib.vcproj", "{1E30D933-D54D-46A4-8E69-3FFD11A9121D}"
EndProject
Global
	GlobalSection(SolutionConfigurationPlatforms) = preSolution
		Debug|Win32 = Debug|Win32
		Release|Win32 = Release|Win32
		Unicode Debug|Win32 = Unicode Debug|Win32
		Unicode Release|Win32 = Unicode Release|Win32
	EndGlobalSection
	GlobalSection(ProjectConfigurationPlatforms) = postSolution
		{1E30D933-D54D-46A4-8E69-3FFD11A9121D}.Debug|Win32.ActiveCfg = Debug|Win32
		{1E30D933-D54D-46A4-8E69-3FFD11A9121D}.Debug|Win32.Build.0 = Debug|Win32
		{1E30D933-D54D-46A4-8E69-3FFD11A9121D}.Release|Win32.ActiveCfg = Release|Win32
		{1E30D933-D54D-46A4-8E69-3FFD11A9121D}.Release|Win32.Build.0 = Release|Win32
		{1E30D933-D54D-46A4-8E69-3FFD11A9121D}.Unicode Debug|Win32.ActiveCfg = Unicode Debug|Win32
		{1E30D933-D54D-46A4-8E69-3FFD11A9121D}.Unicode Debug|Win32.Build.0 = Unicode Debug|Win32
		{1E30D933-D54D-46A4-8E69-3FFD11A9121D}.Unicode Release|Win32.ActiveCfg = Unicode Release|Win32
		{1E30D933-D54D-46A4-8E69-3FFD11A9121D}.Unicode Release|Win32.Build.0 = Unicode Release|Win32
	EndGlobalSection
	GlobalSection(SolutionProperties) = preSolution
		HideSolutionNode = FALSE
	EndGlobalSection
EndGlobal
