<?xml version="1.0" encoding="utf-8"?>
<Project ToolsVersion="4.0" xmlns="http://schemas.microsoft.com/developer/msbuild/2003">
  <ItemGroup>
    <Filter Include="源文件">
      <UniqueIdentifier>{4FC737F1-C7A5-4376-A066-2A32D752A2FF}</UniqueIdentifier>
      <Extensions>cpp;c;cc;cxx;def;odl;idl;hpj;bat;asm;asmx</Extensions>
    </Filter>
    <Filter Include="头文件">
      <UniqueIdentifier>{93995380-89BD-4b04-88EB-625FBE52EBFB}</UniqueIdentifier>
      <Extensions>h;hpp;hxx;hm;inl;inc;xsd</Extensions>
    </Filter>
    <Filter Include="资源文件">
      <UniqueIdentifier>{67DA6AB6-F800-4c08-8B7A-83BB121AAD01}</UniqueIdentifier>
      <Extensions>rc;ico;cur;bmp;dlg;rc2;rct;bin;rgs;gif;jpg;jpeg;jpe;resx;tiff;tif;png;wav;mfcribbon-ms</Extensions>
    </Filter>
    <Filter Include="生成的文件">
      <UniqueIdentifier>{31b9887e-aa0e-4064-aaa3-044e8d71b752}</UniqueIdentifier>
      <SourceControlFiles>False</SourceControlFiles>
    </Filter>
  </ItemGroup>
  <ItemGroup>
    <ClCompile Include="stdafx.cpp">
      <Filter>源文件</Filter>
    </ClCompile>
    <ClCompile Include="ProjectTreeCOM.cpp">
      <Filter>源文件</Filter>
    </ClCompile>
    <ClCompile Include="dllmain.cpp">
      <Filter>源文件</Filter>
    </ClCompile>
    <ClCompile Include="ProjectTreeCOM_i.c">
      <Filter>生成的文件</Filter>
    </ClCompile>
    <ClCompile Include="ProjectTreeCtrl.cpp">
      <Filter>源文件</Filter>
    </ClCompile>
    <ClCompile Include="DragDropImpl.cpp">
      <Filter>源文件</Filter>
    </ClCompile>
    <ClCompile Include="PropertyDlg.cpp">
      <Filter>源文件</Filter>
    </ClCompile>
    <ClCompile Include="MultiTree.cpp">
      <Filter>源文件</Filter>
    </ClCompile>
    <ClCompile Include="LayerTree.cpp">
      <Filter>源文件</Filter>
    </ClCompile>
    <ClCompile Include="CreateCheckboxImageList.cpp">
      <Filter>源文件</Filter>
    </ClCompile>
    <ClCompile Include="CatalogDlg.cpp">
      <Filter>源文件</Filter>
    </ClCompile>
    <ClCompile Include="LocationDlg.cpp">
      <Filter>源文件</Filter>
    </ClCompile>
  </ItemGroup>
  <ItemGroup>
    <ClInclude Include="stdafx.h">
      <Filter>头文件</Filter>
    </ClInclude>
    <ClInclude Include="targetver.h">
      <Filter>头文件</Filter>
    </ClInclude>
    <ClInclude Include="Resource.h">
      <Filter>头文件</Filter>
    </ClInclude>
    <ClInclude Include="dllmain.h">
      <Filter>头文件</Filter>
    </ClInclude>
    <ClInclude Include="ProjectTreeCOM_i.h">
      <Filter>生成的文件</Filter>
    </ClInclude>
    <ClInclude Include="_IProjectTreeCtrlEvents_CP.h">
      <Filter>头文件</Filter>
    </ClInclude>
    <ClInclude Include="ProjectTreeCtrl.h">
      <Filter>头文件</Filter>
    </ClInclude>
    <ClInclude Include="DragDropImpl.h">
      <Filter>头文件</Filter>
    </ClInclude>
    <ClInclude Include="PropertyDlg.h">
      <Filter>头文件</Filter>
    </ClInclude>
    <ClInclude Include="ColorCombo.h">
      <Filter>头文件</Filter>
    </ClInclude>
    <ClInclude Include="PropertyItem.h">
      <Filter>头文件</Filter>
    </ClInclude>
    <ClInclude Include="PropertyItemEditors.h">
      <Filter>头文件</Filter>
    </ClInclude>
    <ClInclude Include="PropertyItemImpl.h">
      <Filter>头文件</Filter>
    </ClInclude>
    <ClInclude Include="PropertyList.h">
      <Filter>头文件</Filter>
    </ClInclude>
    <ClInclude Include="MultiTree.h">
      <Filter>头文件</Filter>
    </ClInclude>
    <ClInclude Include="LayerTree.h">
      <Filter>头文件</Filter>
    </ClInclude>
    <ClInclude Include="CreateCheckboxImageList.h">
      <Filter>头文件</Filter>
    </ClInclude>
    <ClInclude Include="CatalogDlg.h">
      <Filter>头文件</Filter>
    </ClInclude>
    <ClInclude Include="LocationDlg.h">
      <Filter>头文件</Filter>
    </ClInclude>
  </ItemGroup>
  <ItemGroup>
    <ResourceCompile Include="ProjectTreeCOM.rc">
      <Filter>资源文件</Filter>
    </ResourceCompile>
  </ItemGroup>
  <ItemGroup>
    <Text Include="ReadMe.txt" />
  </ItemGroup>
  <ItemGroup>
    <None Include="ProjectTreeCOM.rgs">
      <Filter>资源文件</Filter>
    </None>
    <None Include="ProjectTreeCOM.def">
      <Filter>源文件</Filter>
    </None>
    <None Include="ProjectTreeCtrl.htm" />
    <None Include="ProjectTreeCtrl.rgs">
      <Filter>资源文件</Filter>
    </None>
  </ItemGroup>
  <ItemGroup>
    <Midl Include="ProjectTreeCOM.idl">
      <Filter>源文件</Filter>
    </Midl>
  </ItemGroup>
  <ItemGroup>
    <Image Include="ProjectTreeCtrl.bmp">
      <Filter>资源文件</Filter>
    </Image>
    <Image Include="TreeItems.bmp">
      <Filter>资源文件</Filter>
    </Image>
    <Image Include="TreeState.bmp">
      <Filter>资源文件</Filter>
    </Image>
  </ItemGroup>
</Project>