
Microsoft Visual Studio Solution File, Format Version 10.00
# Visual Studio 2008
Project("{8BC9CEB8-8B4A-11D0-8D11-00A0C91BC942}") = "MetroUI", "MetroUI\MetroUI.vcproj", "{BC994C6D-761F-4510-83F4-28DB6E6DC304}"
EndProject
Global
	GlobalSection(SolutionConfigurationPlatforms) = preSolution
		Debug|Win32 = Debug|Win32
		Release|Win32 = Release|Win32
	EndGlobalSection
	GlobalSection(ProjectConfigurationPlatforms) = postSolution
		{BC994C6D-761F-4510-83F4-28DB6E6DC304}.Debug|Win32.ActiveCfg = Debug|Win32
		{BC994C6D-761F-4510-83F4-28DB6E6DC304}.Debug|Win32.Build.0 = Debug|Win32
		{BC994C6D-761F-4510-83F4-28DB6E6DC304}.Release|Win32.ActiveCfg = Release|Win32
		{BC994C6D-761F-4510-83F4-28DB6E6DC304}.Release|Win32.Build.0 = Release|Win32
	EndGlobalSection
	GlobalSection(SolutionProperties) = preSolution
		HideSolutionNode = FALSE
	EndGlobalSection
EndGlobal
