
Microsoft Visual Studio Solution File, Format Version 11.00
# Visual Studio 2010
Project("{8BC9CEB8-8B4A-11D0-8D11-00A0C91BC942}") = "DictPrxy", "DictPrxy.vcxproj", "{7C2C5CF8-C66C-43E6-88C8-5978155BD897}"
EndProject
Global
	GlobalSection(SolutionConfigurationPlatforms) = preSolution
		Debug|Win32 = Debug|Win32
		Release|Win32 = Release|Win32
	EndGlobalSection
	GlobalSection(ProjectConfigurationPlatforms) = postSolution
		{7C2C5CF8-C66C-43E6-88C8-5978155BD897}.Debug|Win32.ActiveCfg = Debug|Win32
		{7C2C5CF8-C66C-43E6-88C8-5978155BD897}.Debug|Win32.Build.0 = Debug|Win32
		{7C2C5CF8-C66C-43E6-88C8-5978155BD897}.Release|Win32.ActiveCfg = Release|Win32
		{7C2C5CF8-C66C-43E6-88C8-5978155BD897}.Release|Win32.Build.0 = Release|Win32
	EndGlobalSection
	GlobalSection(SolutionProperties) = preSolution
		HideSolutionNode = FALSE
	EndGlobalSection
EndGlobal
