
Microsoft Visual Studio Solution File, Format Version 11.00
# Visual Studio 2010
Project("{8BC9CEB8-8B4A-11D0-8D11-00A0C91BC942}") = "Ex27b", "Ex27b.vcxproj", "{596771F8-AC30-E659-9641-1A382AD96EAC}"
EndProject
Global
	GlobalSection(SolutionConfigurationPlatforms) = preSolution
		Debug|Win32 = Debug|Win32
		Release|Win32 = Release|Win32
	EndGlobalSection
	GlobalSection(ProjectConfigurationPlatforms) = postSolution
		{596771F8-AC30-E659-9641-1A382AD96EAC}.Debug|Win32.ActiveCfg = Debug|Win32
		{596771F8-AC30-E659-9641-1A382AD96EAC}.Debug|Win32.Build.0 = Debug|Win32
		{596771F8-AC30-E659-9641-1A382AD96EAC}.Release|Win32.ActiveCfg = Release|Win32
		{596771F8-AC30-E659-9641-1A382AD96EAC}.Release|Win32.Build.0 = Release|Win32
	EndGlobalSection
	GlobalSection(SolutionProperties) = preSolution
		HideSolutionNode = FALSE
	EndGlobalSection
EndGlobal
