
Microsoft Visual Studio Solution File, Format Version 9.00
# Visual Studio 2005
Project("{8BC9CEB8-8B4A-11D0-8D11-00A0C91BC942}") = "NNTPclient", "NNTPclient.vcproj", "{4C7646D3-FF17-43A5-97E7-FA09D6785BB8}"
EndProject
Global
	GlobalSection(SolutionConfigurationPlatforms) = preSolution
		Debug|Win32 = Debug|Win32
		Release|Win32 = Release|Win32
	EndGlobalSection
	GlobalSection(ProjectConfigurationPlatforms) = postSolution
		{4C7646D3-FF17-43A5-97E7-FA09D6785BB8}.Debug|Win32.ActiveCfg = Unicode Debug|Win32
		{4C7646D3-FF17-43A5-97E7-FA09D6785BB8}.Debug|Win32.Build.0 = Unicode Debug|Win32
		{4C7646D3-FF17-43A5-97E7-FA09D6785BB8}.Release|Win32.ActiveCfg = Release|Win32
		{4C7646D3-FF17-43A5-97E7-FA09D6785BB8}.Release|Win32.Build.0 = Release|Win32
	EndGlobalSection
	GlobalSection(SolutionProperties) = preSolution
		HideSolutionNode = FALSE
	EndGlobalSection
EndGlobal
