
Microsoft Visual Studio Solution File, Format Version 9.00
# Visual Studio 2005
Project("{8BC9CEB8-8B4A-11D0-8D11-00A0C91BC942}") = "HTTP client", "HTTPClient.vcproj", "{E735030B-1FEE-4413-A034-7BC998C11E3F}"
EndProject
Global
	GlobalSection(SolutionConfigurationPlatforms) = preSolution
		Debug|Win32 = Debug|Win32
		Release|Win32 = Release|Win32
	EndGlobalSection
	GlobalSection(ProjectConfigurationPlatforms) = postSolution
		{E735030B-1FEE-4413-A034-7BC998C11E3F}.Debug|Win32.ActiveCfg = Debug|Win32
		{E735030B-1FEE-4413-A034-7BC998C11E3F}.Debug|Win32.Build.0 = Debug|Win32
		{E735030B-1FEE-4413-A034-7BC998C11E3F}.Release|Win32.ActiveCfg = Release|Win32
		{E735030B-1FEE-4413-A034-7BC998C11E3F}.Release|Win32.Build.0 = Release|Win32
	EndGlobalSection
	GlobalSection(SolutionProperties) = preSolution
		HideSolutionNode = FALSE
	EndGlobalSection
EndGlobal
