
Microsoft Visual Studio Solution File, Format Version 9.00
# Visual Studio 2005
Project("{8BC9CEB8-8B4A-11D0-8D11-00A0C91BC942}") = "CBitmapSlider Demo", "CBitmapSlider Demo.vcproj", "{694A91DC-8F6A-4CC8-8BE6-6E2470F56BE5}"
EndProject
Global
	GlobalSection(DPCodeReviewSolutionGUID) = preSolution
		DPCodeReviewSolutionGUID = {00000000-0000-0000-0000-000000000000}
	EndGlobalSection
	GlobalSection(SolutionConfigurationPlatforms) = preSolution
		Debug|Win32 = Debug|Win32
		Release|Win32 = Release|Win32
	EndGlobalSection
	GlobalSection(ProjectConfigurationPlatforms) = postSolution
		{694A91DC-8F6A-4CC8-8BE6-6E2470F56BE5}.Debug|Win32.ActiveCfg = Debug|Win32
		{694A91DC-8F6A-4CC8-8BE6-6E2470F56BE5}.Debug|Win32.Build.0 = Debug|Win32
		{694A91DC-8F6A-4CC8-8BE6-6E2470F56BE5}.Release|Win32.ActiveCfg = Release|Win32
		{694A91DC-8F6A-4CC8-8BE6-6E2470F56BE5}.Release|Win32.Build.0 = Release|Win32
	EndGlobalSection
	GlobalSection(SolutionProperties) = preSolution
		HideSolutionNode = FALSE
	EndGlobalSection
EndGlobal
