<?xml version="1.0" encoding="utf-8"?>
<Project ToolsVersion="4.0" xmlns="http://schemas.microsoft.com/developer/msbuild/2003">
  <ItemGroup>
    <Filter Include="Source Files">
      <UniqueIdentifier>{e4751c19-dcfa-4c3b-9345-48cb3d630ce6}</UniqueIdentifier>
      <Extensions>cpp;c;cxx;rc;def;r;odl;hpj;bat;for;f90</Extensions>
    </Filter>
    <Filter Include="Header Files">
      <UniqueIdentifier>{01c82228-06c0-4622-a0f8-889cfa410e44}</UniqueIdentifier>
      <Extensions>h;hpp;hxx;fi;fd</Extensions>
    </Filter>
    <Filter Include="Resource Files">
      <UniqueIdentifier>{5ec23365-e96f-47d3-8d49-db9ffdfe3083}</UniqueIdentifier>
      <Extensions>ico;cur;bmp;rc2;cnt;rtf;rct</Extensions>
    </Filter>
  </ItemGroup>
  <ItemGroup>
    <ClCompile Include="ex32b.cpp">
      <Filter>Source Files</Filter>
    </ClCompile>
    <ClCompile Include="StdAfx.cpp">
      <Filter>Source Files</Filter>
    </ClCompile>
    <ClCompile Include="MainFrm.cpp">
      <Filter>Source Files</Filter>
    </ClCompile>
    <ClCompile Include="ex32bDoc.cpp">
      <Filter>Source Files</Filter>
    </ClCompile>
    <ClCompile Include="ex32bView.cpp">
      <Filter>Source Files</Filter>
    </ClCompile>
    <ClCompile Include="SrvrItem.cpp">
      <Filter>Source Files</Filter>
    </ClCompile>
    <ClCompile Include="IpFrame.cpp">
      <Filter>Source Files</Filter>
    </ClCompile>
    <ClCompile Include="CntrItem.cpp">
      <Filter>Source Files</Filter>
    </ClCompile>
    <ClCompile Include="valform.cpp">
      <Filter>Source Files</Filter>
    </ClCompile>
    <ClCompile Include="PostThread.cpp">
      <Filter>Source Files</Filter>
    </ClCompile>
    <ClCompile Include="AddrDialog.cpp">
      <Filter>Source Files</Filter>
    </ClCompile>
  </ItemGroup>
  <ItemGroup>
    <ResourceCompile Include="ex32b.rc">
      <Filter>Source Files</Filter>
    </ResourceCompile>
  </ItemGroup>
  <ItemGroup>
    <ClInclude Include="ex32b.h">
      <Filter>Header Files</Filter>
    </ClInclude>
    <ClInclude Include="ex32bDoc.h">
      <Filter>Header Files</Filter>
    </ClInclude>
    <ClInclude Include="ex32bView.h">
      <Filter>Header Files</Filter>
    </ClInclude>
    <ClInclude Include="IpFrame.h">
      <Filter>Header Files</Filter>
    </ClInclude>
    <ClInclude Include="MainFrm.h">
      <Filter>Header Files</Filter>
    </ClInclude>
    <ClInclude Include="StdAfx.h">
      <Filter>Header Files</Filter>
    </ClInclude>
    <ClInclude Include="valform.h">
      <Filter>Header Files</Filter>
    </ClInclude>
    <ClInclude Include="CntrItem.h">
      <Filter>Header Files</Filter>
    </ClInclude>
    <ClInclude Include="SrvrItem.h">
      <Filter>Header Files</Filter>
    </ClInclude>
    <ClInclude Include="AddrDialog.h">
      <Filter>Header Files</Filter>
    </ClInclude>
    <ClInclude Include="PostThread.h">
      <Filter>Header Files</Filter>
    </ClInclude>
  </ItemGroup>
  <ItemGroup>
    <CustomBuild Include="ReadMe.txt">
      <Filter>Source Files</Filter>
    </CustomBuild>
    <CustomBuild Include="res\ex32b.ico">
      <Filter>Resource Files</Filter>
    </CustomBuild>
    <CustomBuild Include="res\ex32b.rc2">
      <Filter>Resource Files</Filter>
    </CustomBuild>
    <CustomBuild Include="res\ex32bDoc.ico">
      <Filter>Resource Files</Filter>
    </CustomBuild>
    <CustomBuild Include="res\IToolbar.bmp">
      <Filter>Resource Files</Filter>
    </CustomBuild>
    <CustomBuild Include="res\Toolbar.bmp">
      <Filter>Resource Files</Filter>
    </CustomBuild>
  </ItemGroup>
</Project>