Microsoft Visual Studio Solution File, Format Version 11.00
# Visual Studio 2010
Project("{8BC9CEB8-8B4A-11D0-8D11-00A0C91BC942}") = "CAutoPtrTest", "CAutoPtrTest.vcxproj", "{E0CD8B68-E962-4885-8C77-B6E29771B680}"
EndProject
Project("{8BC9CEB8-8B4A-11D0-8D11-00A0C91BC942}") = "CAutoPtrTestPS", "CAutoPtrTestPS.vcxproj", "{B91D5FB5-BCFE-4ED1-9BA4-06F13530EB72}"
EndProject
Project("{8BC9CEB8-8B4A-11D0-8D11-00A0C91BC942}") = "CAutoPtrClient", "..\CAutoPtrClient\CAutoPtrClient.vcproj", "{0D8FF084-8EE9-4E5A-A050-AC1BB5D9692B}"
EndProject
Global
	GlobalSection(SolutionConfigurationPlatforms) = preSolution
		Debug|Win32 = Debug|Win32
		Release|Win32 = Release|Win32
	EndGlobalSection
	GlobalSection(ProjectConfigurationPlatforms) = postSolution
		{E0CD8B68-E962-4885-8C77-B6E29771B680}.Debug|Win32.ActiveCfg = Debug|Win32
		{E0CD8B68-E962-4885-8C77-B6E29771B680}.Debug|Win32.Build.0 = Debug|Win32
		{E0CD8B68-E962-4885-8C77-B6E29771B680}.Release|Win32.ActiveCfg = Release|Win32
		{E0CD8B68-E962-4885-8C77-B6E29771B680}.Release|Win32.Build.0 = Release|Win32
		{B91D5FB5-BCFE-4ED1-9BA4-06F13530EB72}.Debug|Win32.ActiveCfg = Debug|Win32
		{B91D5FB5-BCFE-4ED1-9BA4-06F13530EB72}.Release|Win32.ActiveCfg = Release|Win32
		{0D8FF084-8EE9-4E5A-A050-AC1BB5D9692B}.Debug|Win32.ActiveCfg = Debug|Win32
		{0D8FF084-8EE9-4E5A-A050-AC1BB5D9692B}.Release|Win32.ActiveCfg = Release|Win32
	EndGlobalSection
	GlobalSection(SolutionProperties) = preSolution
		HideSolutionNode = FALSE
	EndGlobalSection
EndGlobal
