
Microsoft Visual Studio Solution File, Format Version 10.00
# Visual Studio 2008
Project("{8BC9CEB8-8B4A-11D0-8D11-00A0C91BC942}") = "scroll", "scroll.vcproj", "{DA5AC875-1752-40B3-AF12-C3E1B23B8BBA}"
EndProject
Global
	GlobalSection(SolutionConfigurationPlatforms) = preSolution
		Debug|Win32 = Debug|Win32
		Release|Win32 = Release|Win32
	EndGlobalSection
	GlobalSection(ProjectConfigurationPlatforms) = postSolution
		{DA5AC875-1752-40B3-AF12-C3E1B23B8BBA}.Debug|Win32.ActiveCfg = Debug|Win32
		{DA5AC875-1752-40B3-AF12-C3E1B23B8BBA}.Debug|Win32.Build.0 = Debug|Win32
		{DA5AC875-1752-40B3-AF12-C3E1B23B8BBA}.Release|Win32.ActiveCfg = Release|Win32
		{DA5AC875-1752-40B3-AF12-C3E1B23B8BBA}.Release|Win32.Build.0 = Release|Win32
	EndGlobalSection
	GlobalSection(SolutionProperties) = preSolution
		HideSolutionNode = FALSE
	EndGlobalSection
EndGlobal
