
Microsoft Visual Studio Solution File, Format Version 11.00
# Visual Studio 2010
Project("{8BC9CEB8-8B4A-11D0-8D11-00A0C91BC942}") = "TraceWinNew", "TraceWinNew.vcxproj", "{EED1F0C8-F666-0F75-3496-3CEE33185FFF}"
EndProject
Global
	GlobalSection(SolutionConfigurationPlatforms) = preSolution
		Debug|Win32 = Debug|Win32
		Release|Win32 = Release|Win32
	EndGlobalSection
	GlobalSection(ProjectConfigurationPlatforms) = postSolution
		{EED1F0C8-F666-0F75-3496-3CEE33185FFF}.Debug|Win32.ActiveCfg = Debug|Win32
		{EED1F0C8-F666-0F75-3496-3CEE33185FFF}.Debug|Win32.Build.0 = Debug|Win32
		{EED1F0C8-F666-0F75-3496-3CEE33185FFF}.Release|Win32.ActiveCfg = Release|Win32
		{EED1F0C8-F666-0F75-3496-3CEE33185FFF}.Release|Win32.Build.0 = Release|Win32
	EndGlobalSection
	GlobalSection(SolutionProperties) = preSolution
		HideSolutionNode = FALSE
	EndGlobalSection
EndGlobal
