
Microsoft Visual Studio Solution File, Format Version 9.00
# Visual Studio 2005
Project("{8BC9CEB8-8B4A-11D0-8D11-00A0C91BC942}") = "XHtmlTreeTest", "XHtmlTreeTest.vcproj", "{1443266B-F4A6-4094-B670-113FD7FC9A66}"
EndProject
Global
	GlobalSection(SolutionConfigurationPlatforms) = preSolution
		Debug|Win32 = Debug|Win32
		Release|Win32 = Release|Win32
	EndGlobalSection
	GlobalSection(ProjectConfigurationPlatforms) = postSolution
		{1443266B-F4A6-4094-B670-113FD7FC9A66}.Debug|Win32.ActiveCfg = Debug|Win32
		{1443266B-F4A6-4094-B670-113FD7FC9A66}.Debug|Win32.Build.0 = Debug|Win32
		{1443266B-F4A6-4094-B670-113FD7FC9A66}.Release|Win32.ActiveCfg = Release|Win32
		{1443266B-F4A6-4094-B670-113FD7FC9A66}.Release|Win32.Build.0 = Release|Win32
	EndGlobalSection
	GlobalSection(SolutionProperties) = preSolution
		HideSolutionNode = FALSE
	EndGlobalSection
EndGlobal
