
Microsoft Visual Studio Solution File, Format Version 9.00
# Visual Studio 2005
Project("{8BC9CEB8-8B4A-11D0-8D11-00A0C91BC942}") = "GifControlSample", "GifControlSample\GifControlSample.vcproj", "{8E15410A-6B67-4DAB-8DCD-0E8FB239FB30}"
EndProject
Global
	GlobalSection(SolutionConfigurationPlatforms) = preSolution
		Debug|Win32 = Debug|Win32
		Release|Win32 = Release|Win32
	EndGlobalSection
	GlobalSection(ProjectConfigurationPlatforms) = postSolution
		{8E15410A-6B67-4DAB-8DCD-0E8FB239FB30}.Debug|Win32.ActiveCfg = Debug|Win32
		{8E15410A-6B67-4DAB-8DCD-0E8FB239FB30}.Debug|Win32.Build.0 = Debug|Win32
		{8E15410A-6B67-4DAB-8DCD-0E8FB239FB30}.Release|Win32.ActiveCfg = Release|Win32
		{8E15410A-6B67-4DAB-8DCD-0E8FB239FB30}.Release|Win32.Build.0 = Release|Win32
	EndGlobalSection
	GlobalSection(SolutionProperties) = preSolution
		HideSolutionNode = FALSE
	EndGlobalSection
EndGlobal
