
Microsoft Visual Studio Solution File, Format Version 9.00
# Visual Studio 2005
Project("{8BC9CEB8-8B4A-11D0-8D11-00A0C91BC942}") = "HTTP_s", "HTTP_s.vcproj", "{CA44578F-51C3-48E7-89E5-02E5F5939841}"
EndProject
Global
	GlobalSection(SolutionConfigurationPlatforms) = preSolution
		Debug|Win32 = Debug|Win32
		Release|Win32 = Release|Win32
	EndGlobalSection
	GlobalSection(ProjectConfigurationPlatforms) = postSolution
		{CA44578F-51C3-48E7-89E5-02E5F5939841}.Debug|Win32.ActiveCfg = Unicode Debug|Win32
		{CA44578F-51C3-48E7-89E5-02E5F5939841}.Debug|Win32.Build.0 = Unicode Debug|Win32
		{CA44578F-51C3-48E7-89E5-02E5F5939841}.Release|Win32.ActiveCfg = Release|Win32
		{CA44578F-51C3-48E7-89E5-02E5F5939841}.Release|Win32.Build.0 = Release|Win32
	EndGlobalSection
	GlobalSection(SolutionProperties) = preSolution
		HideSolutionNode = FALSE
	EndGlobalSection
EndGlobal
