
Microsoft Visual Studio Solution File, Format Version 9.00
# Visual Studio 2005
Project("{8BC9CEB8-8B4A-11D0-8D11-00A0C91BC942}") = "UTDns", "..\UTDns\UTDns.vcproj", "{0AE934C8-DE60-41C6-A2EA-E6E1FBBD5291}"
EndProject
Project("{8BC9CEB8-8B4A-11D0-8D11-00A0C91BC942}") = "UTFinger", "..\UTFinger\UTFinger.vcproj", "{5690EC4A-CEDD-42FE-8CB0-9FB88993C17F}"
EndProject
Project("{8BC9CEB8-8B4A-11D0-8D11-00A0C91BC942}") = "UTFingerServ", "..\UTFingerServ\UTFingerServ.vcproj", "{C2E968EB-DC6B-4C24-AB99-2785D8AD0E75}"
EndProject
Project("{8BC9CEB8-8B4A-11D0-8D11-00A0C91BC942}") = "UTFtp", "..\UTFtp\UTFtp.vcproj", "{2F7288F7-AB6C-4970-B4EB-4120D6247FB0}"
EndProject
Project("{8BC9CEB8-8B4A-11D0-8D11-00A0C91BC942}") = "UTFtpServ", "..\UTFtpServ\UTFtpServ.vcproj", "{79A2A26A-B9DC-424C-948B-88EB3367C3A4}"
EndProject
Project("{8BC9CEB8-8B4A-11D0-8D11-00A0C91BC942}") = "UTHistory", "..\UTHistory\UTHistory.vcproj", "{A471A0B8-44E2-43D5-9B89-6F35D4828637}"
EndProject
Project("{8BC9CEB8-8B4A-11D0-8D11-00A0C91BC942}") = "UTHttp", "..\UTHttp\UTHttp.vcproj", "{35F17D29-773A-4FF8-B7B0-7EC109D0974A}"
EndProject
Project("{8BC9CEB8-8B4A-11D0-8D11-00A0C91BC942}") = "UTImap4", "..\UTImap4\UTImap4.vcproj", "{199F86D3-372F-4C88-A981-784F7255FFBC}"
EndProject
Project("{8BC9CEB8-8B4A-11D0-8D11-00A0C91BC942}") = "UTMail", "..\UTMail\UTMail.vcproj", "{5604D1B4-57A2-4952-BC84-25CFA5CC7F0C}"
EndProject
Project("{8BC9CEB8-8B4A-11D0-8D11-00A0C91BC942}") = "UTMailServ", "..\UTMailServ\UTMailServ.vcproj", "{9E95073A-C0AE-4FA8-B18D-1576322AFFBD}"
EndProject
Project("{8BC9CEB8-8B4A-11D0-8D11-00A0C91BC942}") = "UTMsg", "..\UTMsg\UTMsg.vcproj", "{BA0D0537-3ED4-4B82-AED9-784C0389220B}"
EndProject
Project("{8BC9CEB8-8B4A-11D0-8D11-00A0C91BC942}") = "UTNntp", "..\UTNntp\UTNntp.vcproj", "{D16C57DC-F559-4850-8688-0206D3531D3C}"
EndProject
Project("{8BC9CEB8-8B4A-11D0-8D11-00A0C91BC942}") = "UTPing", "..\UTPing\UTPing.vcproj", "{3C8F3BA3-8930-47AB-A60D-E4D9144E553A}"
EndProject
Project("{8BC9CEB8-8B4A-11D0-8D11-00A0C91BC942}") = "UTSocket", "..\UTSocket\UTSocket.vcproj", "{4FFE4F66-53B4-4472-A7C6-189BEC511CA1}"
EndProject
Global
	GlobalSection(SolutionConfigurationPlatforms) = preSolution
		Debug|Win32 = Debug|Win32
		DebugBlockingOnly|Win32 = DebugBlockingOnly|Win32
		Evaluation Release MinDependency|Win32 = Evaluation Release MinDependency|Win32
		Release Evaluation MinDependency|Win32 = Release Evaluation MinDependency|Win32
		Release MinDependency|Win32 = Release MinDependency|Win32
		Release MinSize|Win32 = Release MinSize|Win32
		ReleaseBlockingOnly MinDependency|Win32 = ReleaseBlockingOnly MinDependency|Win32
		Unicode Debug|Win32 = Unicode Debug|Win32
		Unicode Release MinDependency|Win32 = Unicode Release MinDependency|Win32
		Unicode Release MinSize|Win32 = Unicode Release MinSize|Win32
	EndGlobalSection
	GlobalSection(ProjectConfigurationPlatforms) = postSolution
		{0AE934C8-DE60-41C6-A2EA-E6E1FBBD5291}.Debug|Win32.ActiveCfg = Debug|Win32
		{0AE934C8-DE60-41C6-A2EA-E6E1FBBD5291}.Debug|Win32.Build.0 = Debug|Win32
		{0AE934C8-DE60-41C6-A2EA-E6E1FBBD5291}.DebugBlockingOnly|Win32.ActiveCfg = Debug|Win32
		{0AE934C8-DE60-41C6-A2EA-E6E1FBBD5291}.DebugBlockingOnly|Win32.Build.0 = Debug|Win32
		{0AE934C8-DE60-41C6-A2EA-E6E1FBBD5291}.Evaluation Release MinDependency|Win32.ActiveCfg = Evaluation Release MinDependency|Win32
		{0AE934C8-DE60-41C6-A2EA-E6E1FBBD5291}.Evaluation Release MinDependency|Win32.Build.0 = Evaluation Release MinDependency|Win32
		{0AE934C8-DE60-41C6-A2EA-E6E1FBBD5291}.Release Evaluation MinDependency|Win32.ActiveCfg = Release MinDependency|Win32
		{0AE934C8-DE60-41C6-A2EA-E6E1FBBD5291}.Release Evaluation MinDependency|Win32.Build.0 = Release MinDependency|Win32
		{0AE934C8-DE60-41C6-A2EA-E6E1FBBD5291}.Release MinDependency|Win32.ActiveCfg = Release MinDependency|Win32
		{0AE934C8-DE60-41C6-A2EA-E6E1FBBD5291}.Release MinDependency|Win32.Build.0 = Release MinDependency|Win32
		{0AE934C8-DE60-41C6-A2EA-E6E1FBBD5291}.Release MinSize|Win32.ActiveCfg = Release MinSize|Win32
		{0AE934C8-DE60-41C6-A2EA-E6E1FBBD5291}.Release MinSize|Win32.Build.0 = Release MinSize|Win32
		{0AE934C8-DE60-41C6-A2EA-E6E1FBBD5291}.ReleaseBlockingOnly MinDependency|Win32.ActiveCfg = Release MinDependency|Win32
		{0AE934C8-DE60-41C6-A2EA-E6E1FBBD5291}.ReleaseBlockingOnly MinDependency|Win32.Build.0 = Release MinDependency|Win32
		{0AE934C8-DE60-41C6-A2EA-E6E1FBBD5291}.Unicode Debug|Win32.ActiveCfg = Debug|Win32
		{0AE934C8-DE60-41C6-A2EA-E6E1FBBD5291}.Unicode Debug|Win32.Build.0 = Debug|Win32
		{0AE934C8-DE60-41C6-A2EA-E6E1FBBD5291}.Unicode Release MinDependency|Win32.ActiveCfg = Release MinDependency|Win32
		{0AE934C8-DE60-41C6-A2EA-E6E1FBBD5291}.Unicode Release MinDependency|Win32.Build.0 = Release MinDependency|Win32
		{0AE934C8-DE60-41C6-A2EA-E6E1FBBD5291}.Unicode Release MinSize|Win32.ActiveCfg = Release MinSize|Win32
		{0AE934C8-DE60-41C6-A2EA-E6E1FBBD5291}.Unicode Release MinSize|Win32.Build.0 = Release MinSize|Win32
		{5690EC4A-CEDD-42FE-8CB0-9FB88993C17F}.Debug|Win32.ActiveCfg = Debug|Win32
		{5690EC4A-CEDD-42FE-8CB0-9FB88993C17F}.Debug|Win32.Build.0 = Debug|Win32
		{5690EC4A-CEDD-42FE-8CB0-9FB88993C17F}.DebugBlockingOnly|Win32.ActiveCfg = Debug|Win32
		{5690EC4A-CEDD-42FE-8CB0-9FB88993C17F}.DebugBlockingOnly|Win32.Build.0 = Debug|Win32
		{5690EC4A-CEDD-42FE-8CB0-9FB88993C17F}.Evaluation Release MinDependency|Win32.ActiveCfg = Evaluation Release MinDependency|Win32
		{5690EC4A-CEDD-42FE-8CB0-9FB88993C17F}.Evaluation Release MinDependency|Win32.Build.0 = Evaluation Release MinDependency|Win32
		{5690EC4A-CEDD-42FE-8CB0-9FB88993C17F}.Release Evaluation MinDependency|Win32.ActiveCfg = Release MinDependency|Win32
		{5690EC4A-CEDD-42FE-8CB0-9FB88993C17F}.Release Evaluation MinDependency|Win32.Build.0 = Release MinDependency|Win32
		{5690EC4A-CEDD-42FE-8CB0-9FB88993C17F}.Release MinDependency|Win32.ActiveCfg = Release MinDependency|Win32
		{5690EC4A-CEDD-42FE-8CB0-9FB88993C17F}.Release MinDependency|Win32.Build.0 = Release MinDependency|Win32
		{5690EC4A-CEDD-42FE-8CB0-9FB88993C17F}.Release MinSize|Win32.ActiveCfg = Release MinSize|Win32
		{5690EC4A-CEDD-42FE-8CB0-9FB88993C17F}.Release MinSize|Win32.Build.0 = Release MinSize|Win32
		{5690EC4A-CEDD-42FE-8CB0-9FB88993C17F}.ReleaseBlockingOnly MinDependency|Win32.ActiveCfg = Release MinDependency|Win32
		{5690EC4A-CEDD-42FE-8CB0-9FB88993C17F}.ReleaseBlockingOnly MinDependency|Win32.Build.0 = Release MinDependency|Win32
		{5690EC4A-CEDD-42FE-8CB0-9FB88993C17F}.Unicode Debug|Win32.ActiveCfg = Debug|Win32
		{5690EC4A-CEDD-42FE-8CB0-9FB88993C17F}.Unicode Debug|Win32.Build.0 = Debug|Win32
		{5690EC4A-CEDD-42FE-8CB0-9FB88993C17F}.Unicode Release MinDependency|Win32.ActiveCfg = Release MinDependency|Win32
		{5690EC4A-CEDD-42FE-8CB0-9FB88993C17F}.Unicode Release MinDependency|Win32.Build.0 = Release MinDependency|Win32
		{5690EC4A-CEDD-42FE-8CB0-9FB88993C17F}.Unicode Release MinSize|Win32.ActiveCfg = Release MinSize|Win32
		{5690EC4A-CEDD-42FE-8CB0-9FB88993C17F}.Unicode Release MinSize|Win32.Build.0 = Release MinSize|Win32
		{C2E968EB-DC6B-4C24-AB99-2785D8AD0E75}.Debug|Win32.ActiveCfg = Debug|Win32
		{C2E968EB-DC6B-4C24-AB99-2785D8AD0E75}.Debug|Win32.Build.0 = Debug|Win32
		{C2E968EB-DC6B-4C24-AB99-2785D8AD0E75}.DebugBlockingOnly|Win32.ActiveCfg = Debug|Win32
		{C2E968EB-DC6B-4C24-AB99-2785D8AD0E75}.DebugBlockingOnly|Win32.Build.0 = Debug|Win32
		{C2E968EB-DC6B-4C24-AB99-2785D8AD0E75}.Evaluation Release MinDependency|Win32.ActiveCfg = Release MinDependency|Win32
		{C2E968EB-DC6B-4C24-AB99-2785D8AD0E75}.Evaluation Release MinDependency|Win32.Build.0 = Release MinDependency|Win32
		{C2E968EB-DC6B-4C24-AB99-2785D8AD0E75}.Release Evaluation MinDependency|Win32.ActiveCfg = Release Evaluation MinDependency|Win32
		{C2E968EB-DC6B-4C24-AB99-2785D8AD0E75}.Release Evaluation MinDependency|Win32.Build.0 = Release Evaluation MinDependency|Win32
		{C2E968EB-DC6B-4C24-AB99-2785D8AD0E75}.Release MinDependency|Win32.ActiveCfg = Release MinDependency|Win32
		{C2E968EB-DC6B-4C24-AB99-2785D8AD0E75}.Release MinDependency|Win32.Build.0 = Release MinDependency|Win32
		{C2E968EB-DC6B-4C24-AB99-2785D8AD0E75}.Release MinSize|Win32.ActiveCfg = Release MinSize|Win32
		{C2E968EB-DC6B-4C24-AB99-2785D8AD0E75}.Release MinSize|Win32.Build.0 = Release MinSize|Win32
		{C2E968EB-DC6B-4C24-AB99-2785D8AD0E75}.ReleaseBlockingOnly MinDependency|Win32.ActiveCfg = Release MinSize|Win32
		{C2E968EB-DC6B-4C24-AB99-2785D8AD0E75}.ReleaseBlockingOnly MinDependency|Win32.Build.0 = Release MinSize|Win32
		{C2E968EB-DC6B-4C24-AB99-2785D8AD0E75}.Unicode Debug|Win32.ActiveCfg = Debug|Win32
		{C2E968EB-DC6B-4C24-AB99-2785D8AD0E75}.Unicode Debug|Win32.Build.0 = Debug|Win32
		{C2E968EB-DC6B-4C24-AB99-2785D8AD0E75}.Unicode Release MinDependency|Win32.ActiveCfg = Release MinDependency|Win32
		{C2E968EB-DC6B-4C24-AB99-2785D8AD0E75}.Unicode Release MinDependency|Win32.Build.0 = Release MinDependency|Win32
		{C2E968EB-DC6B-4C24-AB99-2785D8AD0E75}.Unicode Release MinSize|Win32.ActiveCfg = Release MinSize|Win32
		{C2E968EB-DC6B-4C24-AB99-2785D8AD0E75}.Unicode Release MinSize|Win32.Build.0 = Release MinSize|Win32
		{2F7288F7-AB6C-4970-B4EB-4120D6247FB0}.Debug|Win32.ActiveCfg = Debug|Win32
		{2F7288F7-AB6C-4970-B4EB-4120D6247FB0}.Debug|Win32.Build.0 = Debug|Win32
		{2F7288F7-AB6C-4970-B4EB-4120D6247FB0}.DebugBlockingOnly|Win32.ActiveCfg = Debug|Win32
		{2F7288F7-AB6C-4970-B4EB-4120D6247FB0}.DebugBlockingOnly|Win32.Build.0 = Debug|Win32
		{2F7288F7-AB6C-4970-B4EB-4120D6247FB0}.Evaluation Release MinDependency|Win32.ActiveCfg = Evaluation Release MinDependency|Win32
		{2F7288F7-AB6C-4970-B4EB-4120D6247FB0}.Evaluation Release MinDependency|Win32.Build.0 = Evaluation Release MinDependency|Win32
		{2F7288F7-AB6C-4970-B4EB-4120D6247FB0}.Release Evaluation MinDependency|Win32.ActiveCfg = Release MinDependency|Win32
		{2F7288F7-AB6C-4970-B4EB-4120D6247FB0}.Release Evaluation MinDependency|Win32.Build.0 = Release MinDependency|Win32
		{2F7288F7-AB6C-4970-B4EB-4120D6247FB0}.Release MinDependency|Win32.ActiveCfg = Release MinDependency|Win32
		{2F7288F7-AB6C-4970-B4EB-4120D6247FB0}.Release MinDependency|Win32.Build.0 = Release MinDependency|Win32
		{2F7288F7-AB6C-4970-B4EB-4120D6247FB0}.Release MinSize|Win32.ActiveCfg = Release MinSize|Win32
		{2F7288F7-AB6C-4970-B4EB-4120D6247FB0}.Release MinSize|Win32.Build.0 = Release MinSize|Win32
		{2F7288F7-AB6C-4970-B4EB-4120D6247FB0}.ReleaseBlockingOnly MinDependency|Win32.ActiveCfg = Release MinDependency|Win32
		{2F7288F7-AB6C-4970-B4EB-4120D6247FB0}.ReleaseBlockingOnly MinDependency|Win32.Build.0 = Release MinDependency|Win32
		{2F7288F7-AB6C-4970-B4EB-4120D6247FB0}.Unicode Debug|Win32.ActiveCfg = Debug|Win32
		{2F7288F7-AB6C-4970-B4EB-4120D6247FB0}.Unicode Debug|Win32.Build.0 = Debug|Win32
		{2F7288F7-AB6C-4970-B4EB-4120D6247FB0}.Unicode Release MinDependency|Win32.ActiveCfg = Release MinDependency|Win32
		{2F7288F7-AB6C-4970-B4EB-4120D6247FB0}.Unicode Release MinDependency|Win32.Build.0 = Release MinDependency|Win32
		{2F7288F7-AB6C-4970-B4EB-4120D6247FB0}.Unicode Release MinSize|Win32.ActiveCfg = Release MinSize|Win32
		{2F7288F7-AB6C-4970-B4EB-4120D6247FB0}.Unicode Release MinSize|Win32.Build.0 = Release MinSize|Win32
		{79A2A26A-B9DC-424C-948B-88EB3367C3A4}.Debug|Win32.ActiveCfg = Debug|Win32
		{79A2A26A-B9DC-424C-948B-88EB3367C3A4}.Debug|Win32.Build.0 = Debug|Win32
		{79A2A26A-B9DC-424C-948B-88EB3367C3A4}.DebugBlockingOnly|Win32.ActiveCfg = Debug|Win32
		{79A2A26A-B9DC-424C-948B-88EB3367C3A4}.DebugBlockingOnly|Win32.Build.0 = Debug|Win32
		{79A2A26A-B9DC-424C-948B-88EB3367C3A4}.Evaluation Release MinDependency|Win32.ActiveCfg = Evaluation Release MinDependency|Win32
		{79A2A26A-B9DC-424C-948B-88EB3367C3A4}.Evaluation Release MinDependency|Win32.Build.0 = Evaluation Release MinDependency|Win32
		{79A2A26A-B9DC-424C-948B-88EB3367C3A4}.Release Evaluation MinDependency|Win32.ActiveCfg = Release MinSize|Win32
		{79A2A26A-B9DC-424C-948B-88EB3367C3A4}.Release Evaluation MinDependency|Win32.Build.0 = Release MinSize|Win32
		{79A2A26A-B9DC-424C-948B-88EB3367C3A4}.Release MinDependency|Win32.ActiveCfg = Release MinDependency|Win32
		{79A2A26A-B9DC-424C-948B-88EB3367C3A4}.Release MinDependency|Win32.Build.0 = Release MinDependency|Win32
		{79A2A26A-B9DC-424C-948B-88EB3367C3A4}.Release MinSize|Win32.ActiveCfg = Release MinSize|Win32
		{79A2A26A-B9DC-424C-948B-88EB3367C3A4}.Release MinSize|Win32.Build.0 = Release MinSize|Win32
		{79A2A26A-B9DC-424C-948B-88EB3367C3A4}.ReleaseBlockingOnly MinDependency|Win32.ActiveCfg = Release MinSize|Win32
		{79A2A26A-B9DC-424C-948B-88EB3367C3A4}.ReleaseBlockingOnly MinDependency|Win32.Build.0 = Release MinSize|Win32
		{79A2A26A-B9DC-424C-948B-88EB3367C3A4}.Unicode Debug|Win32.ActiveCfg = Debug|Win32
		{79A2A26A-B9DC-424C-948B-88EB3367C3A4}.Unicode Debug|Win32.Build.0 = Debug|Win32
		{79A2A26A-B9DC-424C-948B-88EB3367C3A4}.Unicode Release MinDependency|Win32.ActiveCfg = Release MinDependency|Win32
		{79A2A26A-B9DC-424C-948B-88EB3367C3A4}.Unicode Release MinDependency|Win32.Build.0 = Release MinDependency|Win32
		{79A2A26A-B9DC-424C-948B-88EB3367C3A4}.Unicode Release MinSize|Win32.ActiveCfg = Release MinSize|Win32
		{79A2A26A-B9DC-424C-948B-88EB3367C3A4}.Unicode Release MinSize|Win32.Build.0 = Release MinSize|Win32
		{A471A0B8-44E2-43D5-9B89-6F35D4828637}.Debug|Win32.ActiveCfg = Debug|Win32
		{A471A0B8-44E2-43D5-9B89-6F35D4828637}.Debug|Win32.Build.0 = Debug|Win32
		{A471A0B8-44E2-43D5-9B89-6F35D4828637}.DebugBlockingOnly|Win32.ActiveCfg = Debug|Win32
		{A471A0B8-44E2-43D5-9B89-6F35D4828637}.DebugBlockingOnly|Win32.Build.0 = Debug|Win32
		{A471A0B8-44E2-43D5-9B89-6F35D4828637}.Evaluation Release MinDependency|Win32.ActiveCfg = Evaluation Release MinDependency|Win32
		{A471A0B8-44E2-43D5-9B89-6F35D4828637}.Evaluation Release MinDependency|Win32.Build.0 = Evaluation Release MinDependency|Win32
		{A471A0B8-44E2-43D5-9B89-6F35D4828637}.Release Evaluation MinDependency|Win32.ActiveCfg = Release MinDependency|Win32
		{A471A0B8-44E2-43D5-9B89-6F35D4828637}.Release Evaluation MinDependency|Win32.Build.0 = Release MinDependency|Win32
		{A471A0B8-44E2-43D5-9B89-6F35D4828637}.Release MinDependency|Win32.ActiveCfg = Release MinDependency|Win32
		{A471A0B8-44E2-43D5-9B89-6F35D4828637}.Release MinDependency|Win32.Build.0 = Release MinDependency|Win32
		{A471A0B8-44E2-43D5-9B89-6F35D4828637}.Release MinSize|Win32.ActiveCfg = Release MinSize|Win32
		{A471A0B8-44E2-43D5-9B89-6F35D4828637}.Release MinSize|Win32.Build.0 = Release MinSize|Win32
		{A471A0B8-44E2-43D5-9B89-6F35D4828637}.ReleaseBlockingOnly MinDependency|Win32.ActiveCfg = Release MinDependency|Win32
		{A471A0B8-44E2-43D5-9B89-6F35D4828637}.ReleaseBlockingOnly MinDependency|Win32.Build.0 = Release MinDependency|Win32
		{A471A0B8-44E2-43D5-9B89-6F35D4828637}.Unicode Debug|Win32.ActiveCfg = Debug|Win32
		{A471A0B8-44E2-43D5-9B89-6F35D4828637}.Unicode Debug|Win32.Build.0 = Debug|Win32
		{A471A0B8-44E2-43D5-9B89-6F35D4828637}.Unicode Release MinDependency|Win32.ActiveCfg = Release MinDependency|Win32
		{A471A0B8-44E2-43D5-9B89-6F35D4828637}.Unicode Release MinDependency|Win32.Build.0 = Release MinDependency|Win32
		{A471A0B8-44E2-43D5-9B89-6F35D4828637}.Unicode Release MinSize|Win32.ActiveCfg = Release MinSize|Win32
		{A471A0B8-44E2-43D5-9B89-6F35D4828637}.Unicode Release MinSize|Win32.Build.0 = Release MinSize|Win32
		{35F17D29-773A-4FF8-B7B0-7EC109D0974A}.Debug|Win32.ActiveCfg = Debug|Win32
		{35F17D29-773A-4FF8-B7B0-7EC109D0974A}.Debug|Win32.Build.0 = Debug|Win32
		{35F17D29-773A-4FF8-B7B0-7EC109D0974A}.DebugBlockingOnly|Win32.ActiveCfg = Debug|Win32
		{35F17D29-773A-4FF8-B7B0-7EC109D0974A}.DebugBlockingOnly|Win32.Build.0 = Debug|Win32
		{35F17D29-773A-4FF8-B7B0-7EC109D0974A}.Evaluation Release MinDependency|Win32.ActiveCfg = Evaluation Release MinDependency|Win32
		{35F17D29-773A-4FF8-B7B0-7EC109D0974A}.Evaluation Release MinDependency|Win32.Build.0 = Evaluation Release MinDependency|Win32
		{35F17D29-773A-4FF8-B7B0-7EC109D0974A}.Release Evaluation MinDependency|Win32.ActiveCfg = Release MinDependency|Win32
		{35F17D29-773A-4FF8-B7B0-7EC109D0974A}.Release Evaluation MinDependency|Win32.Build.0 = Release MinDependency|Win32
		{35F17D29-773A-4FF8-B7B0-7EC109D0974A}.Release MinDependency|Win32.ActiveCfg = Release MinDependency|Win32
		{35F17D29-773A-4FF8-B7B0-7EC109D0974A}.Release MinDependency|Win32.Build.0 = Release MinDependency|Win32
		{35F17D29-773A-4FF8-B7B0-7EC109D0974A}.Release MinSize|Win32.ActiveCfg = Release MinSize|Win32
		{35F17D29-773A-4FF8-B7B0-7EC109D0974A}.Release MinSize|Win32.Build.0 = Release MinSize|Win32
		{35F17D29-773A-4FF8-B7B0-7EC109D0974A}.ReleaseBlockingOnly MinDependency|Win32.ActiveCfg = Release MinDependency|Win32
		{35F17D29-773A-4FF8-B7B0-7EC109D0974A}.ReleaseBlockingOnly MinDependency|Win32.Build.0 = Release MinDependency|Win32
		{35F17D29-773A-4FF8-B7B0-7EC109D0974A}.Unicode Debug|Win32.ActiveCfg = Debug|Win32
		{35F17D29-773A-4FF8-B7B0-7EC109D0974A}.Unicode Debug|Win32.Build.0 = Debug|Win32
		{35F17D29-773A-4FF8-B7B0-7EC109D0974A}.Unicode Release MinDependency|Win32.ActiveCfg = Release MinDependency|Win32
		{35F17D29-773A-4FF8-B7B0-7EC109D0974A}.Unicode Release MinDependency|Win32.Build.0 = Release MinDependency|Win32
		{35F17D29-773A-4FF8-B7B0-7EC109D0974A}.Unicode Release MinSize|Win32.ActiveCfg = Release MinSize|Win32
		{35F17D29-773A-4FF8-B7B0-7EC109D0974A}.Unicode Release MinSize|Win32.Build.0 = Release MinSize|Win32
		{199F86D3-372F-4C88-A981-784F7255FFBC}.Debug|Win32.ActiveCfg = Debug|Win32
		{199F86D3-372F-4C88-A981-784F7255FFBC}.Debug|Win32.Build.0 = Debug|Win32
		{199F86D3-372F-4C88-A981-784F7255FFBC}.DebugBlockingOnly|Win32.ActiveCfg = Debug|Win32
		{199F86D3-372F-4C88-A981-784F7255FFBC}.DebugBlockingOnly|Win32.Build.0 = Debug|Win32
		{199F86D3-372F-4C88-A981-784F7255FFBC}.Evaluation Release MinDependency|Win32.ActiveCfg = Evaluation Release MinDependency|Win32
		{199F86D3-372F-4C88-A981-784F7255FFBC}.Evaluation Release MinDependency|Win32.Build.0 = Evaluation Release MinDependency|Win32
		{199F86D3-372F-4C88-A981-784F7255FFBC}.Release Evaluation MinDependency|Win32.ActiveCfg = Release MinSize|Win32
		{199F86D3-372F-4C88-A981-784F7255FFBC}.Release Evaluation MinDependency|Win32.Build.0 = Release MinSize|Win32
		{199F86D3-372F-4C88-A981-784F7255FFBC}.Release MinDependency|Win32.ActiveCfg = Release MinDependency|Win32
		{199F86D3-372F-4C88-A981-784F7255FFBC}.Release MinDependency|Win32.Build.0 = Release MinDependency|Win32
		{199F86D3-372F-4C88-A981-784F7255FFBC}.Release MinSize|Win32.ActiveCfg = Release MinSize|Win32
		{199F86D3-372F-4C88-A981-784F7255FFBC}.Release MinSize|Win32.Build.0 = Release MinSize|Win32
		{199F86D3-372F-4C88-A981-784F7255FFBC}.ReleaseBlockingOnly MinDependency|Win32.ActiveCfg = Release MinSize|Win32
		{199F86D3-372F-4C88-A981-784F7255FFBC}.ReleaseBlockingOnly MinDependency|Win32.Build.0 = Release MinSize|Win32
		{199F86D3-372F-4C88-A981-784F7255FFBC}.Unicode Debug|Win32.ActiveCfg = Debug|Win32
		{199F86D3-372F-4C88-A981-784F7255FFBC}.Unicode Debug|Win32.Build.0 = Debug|Win32
		{199F86D3-372F-4C88-A981-784F7255FFBC}.Unicode Release MinDependency|Win32.ActiveCfg = Release MinDependency|Win32
		{199F86D3-372F-4C88-A981-784F7255FFBC}.Unicode Release MinDependency|Win32.Build.0 = Release MinDependency|Win32
		{199F86D3-372F-4C88-A981-784F7255FFBC}.Unicode Release MinSize|Win32.ActiveCfg = Release MinSize|Win32
		{199F86D3-372F-4C88-A981-784F7255FFBC}.Unicode Release MinSize|Win32.Build.0 = Release MinSize|Win32
		{5604D1B4-57A2-4952-BC84-25CFA5CC7F0C}.Debug|Win32.ActiveCfg = Debug|Win32
		{5604D1B4-57A2-4952-BC84-25CFA5CC7F0C}.Debug|Win32.Build.0 = Debug|Win32
		{5604D1B4-57A2-4952-BC84-25CFA5CC7F0C}.DebugBlockingOnly|Win32.ActiveCfg = DebugBlockingOnly|Win32
		{5604D1B4-57A2-4952-BC84-25CFA5CC7F0C}.DebugBlockingOnly|Win32.Build.0 = DebugBlockingOnly|Win32
		{5604D1B4-57A2-4952-BC84-25CFA5CC7F0C}.Evaluation Release MinDependency|Win32.ActiveCfg = Evaluation Release MinDependency|Win32
		{5604D1B4-57A2-4952-BC84-25CFA5CC7F0C}.Evaluation Release MinDependency|Win32.Build.0 = Evaluation Release MinDependency|Win32
		{5604D1B4-57A2-4952-BC84-25CFA5CC7F0C}.Release Evaluation MinDependency|Win32.ActiveCfg = Release MinSize|Win32
		{5604D1B4-57A2-4952-BC84-25CFA5CC7F0C}.Release Evaluation MinDependency|Win32.Build.0 = Release MinSize|Win32
		{5604D1B4-57A2-4952-BC84-25CFA5CC7F0C}.Release MinDependency|Win32.ActiveCfg = Release MinDependency|Win32
		{5604D1B4-57A2-4952-BC84-25CFA5CC7F0C}.Release MinDependency|Win32.Build.0 = Release MinDependency|Win32
		{5604D1B4-57A2-4952-BC84-25CFA5CC7F0C}.Release MinSize|Win32.ActiveCfg = Release MinSize|Win32
		{5604D1B4-57A2-4952-BC84-25CFA5CC7F0C}.Release MinSize|Win32.Build.0 = Release MinSize|Win32
		{5604D1B4-57A2-4952-BC84-25CFA5CC7F0C}.ReleaseBlockingOnly MinDependency|Win32.ActiveCfg = ReleaseBlockingOnly MinDependency|Win32
		{5604D1B4-57A2-4952-BC84-25CFA5CC7F0C}.ReleaseBlockingOnly MinDependency|Win32.Build.0 = ReleaseBlockingOnly MinDependency|Win32
		{5604D1B4-57A2-4952-BC84-25CFA5CC7F0C}.Unicode Debug|Win32.ActiveCfg = Debug|Win32
		{5604D1B4-57A2-4952-BC84-25CFA5CC7F0C}.Unicode Debug|Win32.Build.0 = Debug|Win32
		{5604D1B4-57A2-4952-BC84-25CFA5CC7F0C}.Unicode Release MinDependency|Win32.ActiveCfg = Release MinDependency|Win32
		{5604D1B4-57A2-4952-BC84-25CFA5CC7F0C}.Unicode Release MinDependency|Win32.Build.0 = Release MinDependency|Win32
		{5604D1B4-57A2-4952-BC84-25CFA5CC7F0C}.Unicode Release MinSize|Win32.ActiveCfg = Release MinSize|Win32
		{5604D1B4-57A2-4952-BC84-25CFA5CC7F0C}.Unicode Release MinSize|Win32.Build.0 = Release MinSize|Win32
		{9E95073A-C0AE-4FA8-B18D-1576322AFFBD}.Debug|Win32.ActiveCfg = Debug|Win32
		{9E95073A-C0AE-4FA8-B18D-1576322AFFBD}.Debug|Win32.Build.0 = Debug|Win32
		{9E95073A-C0AE-4FA8-B18D-1576322AFFBD}.DebugBlockingOnly|Win32.ActiveCfg = Debug|Win32
		{9E95073A-C0AE-4FA8-B18D-1576322AFFBD}.DebugBlockingOnly|Win32.Build.0 = Debug|Win32
		{9E95073A-C0AE-4FA8-B18D-1576322AFFBD}.Evaluation Release MinDependency|Win32.ActiveCfg = Evaluation Release MinDependency|Win32
		{9E95073A-C0AE-4FA8-B18D-1576322AFFBD}.Evaluation Release MinDependency|Win32.Build.0 = Evaluation Release MinDependency|Win32
		{9E95073A-C0AE-4FA8-B18D-1576322AFFBD}.Release Evaluation MinDependency|Win32.ActiveCfg = Release MinDependency|Win32
		{9E95073A-C0AE-4FA8-B18D-1576322AFFBD}.Release Evaluation MinDependency|Win32.Build.0 = Release MinDependency|Win32
		{9E95073A-C0AE-4FA8-B18D-1576322AFFBD}.Release MinDependency|Win32.ActiveCfg = Release MinDependency|Win32
		{9E95073A-C0AE-4FA8-B18D-1576322AFFBD}.Release MinDependency|Win32.Build.0 = Release MinDependency|Win32
		{9E95073A-C0AE-4FA8-B18D-1576322AFFBD}.Release MinSize|Win32.ActiveCfg = Release MinSize|Win32
		{9E95073A-C0AE-4FA8-B18D-1576322AFFBD}.Release MinSize|Win32.Build.0 = Release MinSize|Win32
		{9E95073A-C0AE-4FA8-B18D-1576322AFFBD}.ReleaseBlockingOnly MinDependency|Win32.ActiveCfg = Release MinDependency|Win32
		{9E95073A-C0AE-4FA8-B18D-1576322AFFBD}.ReleaseBlockingOnly MinDependency|Win32.Build.0 = Release MinDependency|Win32
		{9E95073A-C0AE-4FA8-B18D-1576322AFFBD}.Unicode Debug|Win32.ActiveCfg = Unicode Debug|Win32
		{9E95073A-C0AE-4FA8-B18D-1576322AFFBD}.Unicode Debug|Win32.Build.0 = Unicode Debug|Win32
		{9E95073A-C0AE-4FA8-B18D-1576322AFFBD}.Unicode Release MinDependency|Win32.ActiveCfg = Unicode Release MinDependency|Win32
		{9E95073A-C0AE-4FA8-B18D-1576322AFFBD}.Unicode Release MinDependency|Win32.Build.0 = Unicode Release MinDependency|Win32
		{9E95073A-C0AE-4FA8-B18D-1576322AFFBD}.Unicode Release MinSize|Win32.ActiveCfg = Unicode Release MinSize|Win32
		{9E95073A-C0AE-4FA8-B18D-1576322AFFBD}.Unicode Release MinSize|Win32.Build.0 = Unicode Release MinSize|Win32
		{BA0D0537-3ED4-4B82-AED9-784C0389220B}.Debug|Win32.ActiveCfg = Debug|Win32
		{BA0D0537-3ED4-4B82-AED9-784C0389220B}.Debug|Win32.Build.0 = Debug|Win32
		{BA0D0537-3ED4-4B82-AED9-784C0389220B}.DebugBlockingOnly|Win32.ActiveCfg = Debug|Win32
		{BA0D0537-3ED4-4B82-AED9-784C0389220B}.DebugBlockingOnly|Win32.Build.0 = Debug|Win32
		{BA0D0537-3ED4-4B82-AED9-784C0389220B}.Evaluation Release MinDependency|Win32.ActiveCfg = Evaluation Release MinDependency|Win32
		{BA0D0537-3ED4-4B82-AED9-784C0389220B}.Evaluation Release MinDependency|Win32.Build.0 = Evaluation Release MinDependency|Win32
		{BA0D0537-3ED4-4B82-AED9-784C0389220B}.Release Evaluation MinDependency|Win32.ActiveCfg = Release MinDependency|Win32
		{BA0D0537-3ED4-4B82-AED9-784C0389220B}.Release Evaluation MinDependency|Win32.Build.0 = Release MinDependency|Win32
		{BA0D0537-3ED4-4B82-AED9-784C0389220B}.Release MinDependency|Win32.ActiveCfg = Release MinDependency|Win32
		{BA0D0537-3ED4-4B82-AED9-784C0389220B}.Release MinDependency|Win32.Build.0 = Release MinDependency|Win32
		{BA0D0537-3ED4-4B82-AED9-784C0389220B}.Release MinSize|Win32.ActiveCfg = Release MinSize|Win32
		{BA0D0537-3ED4-4B82-AED9-784C0389220B}.Release MinSize|Win32.Build.0 = Release MinSize|Win32
		{BA0D0537-3ED4-4B82-AED9-784C0389220B}.ReleaseBlockingOnly MinDependency|Win32.ActiveCfg = Release MinDependency|Win32
		{BA0D0537-3ED4-4B82-AED9-784C0389220B}.ReleaseBlockingOnly MinDependency|Win32.Build.0 = Release MinDependency|Win32
		{BA0D0537-3ED4-4B82-AED9-784C0389220B}.Unicode Debug|Win32.ActiveCfg = Debug|Win32
		{BA0D0537-3ED4-4B82-AED9-784C0389220B}.Unicode Debug|Win32.Build.0 = Debug|Win32
		{BA0D0537-3ED4-4B82-AED9-784C0389220B}.Unicode Release MinDependency|Win32.ActiveCfg = Release MinDependency|Win32
		{BA0D0537-3ED4-4B82-AED9-784C0389220B}.Unicode Release MinDependency|Win32.Build.0 = Release MinDependency|Win32
		{BA0D0537-3ED4-4B82-AED9-784C0389220B}.Unicode Release MinSize|Win32.ActiveCfg = Release MinSize|Win32
		{BA0D0537-3ED4-4B82-AED9-784C0389220B}.Unicode Release MinSize|Win32.Build.0 = Release MinSize|Win32
		{D16C57DC-F559-4850-8688-0206D3531D3C}.Debug|Win32.ActiveCfg = Debug|Win32
		{D16C57DC-F559-4850-8688-0206D3531D3C}.Debug|Win32.Build.0 = Debug|Win32
		{D16C57DC-F559-4850-8688-0206D3531D3C}.DebugBlockingOnly|Win32.ActiveCfg = Debug|Win32
		{D16C57DC-F559-4850-8688-0206D3531D3C}.DebugBlockingOnly|Win32.Build.0 = Debug|Win32
		{D16C57DC-F559-4850-8688-0206D3531D3C}.Evaluation Release MinDependency|Win32.ActiveCfg = Evaluation Release MinDependency|Win32
		{D16C57DC-F559-4850-8688-0206D3531D3C}.Evaluation Release MinDependency|Win32.Build.0 = Evaluation Release MinDependency|Win32
		{D16C57DC-F559-4850-8688-0206D3531D3C}.Release Evaluation MinDependency|Win32.ActiveCfg = Release MinSize|Win32
		{D16C57DC-F559-4850-8688-0206D3531D3C}.Release Evaluation MinDependency|Win32.Build.0 = Release MinSize|Win32
		{D16C57DC-F559-4850-8688-0206D3531D3C}.Release MinDependency|Win32.ActiveCfg = Release MinDependency|Win32
		{D16C57DC-F559-4850-8688-0206D3531D3C}.Release MinDependency|Win32.Build.0 = Release MinDependency|Win32
		{D16C57DC-F559-4850-8688-0206D3531D3C}.Release MinSize|Win32.ActiveCfg = Release MinSize|Win32
		{D16C57DC-F559-4850-8688-0206D3531D3C}.Release MinSize|Win32.Build.0 = Release MinSize|Win32
		{D16C57DC-F559-4850-8688-0206D3531D3C}.ReleaseBlockingOnly MinDependency|Win32.ActiveCfg = Release MinSize|Win32
		{D16C57DC-F559-4850-8688-0206D3531D3C}.ReleaseBlockingOnly MinDependency|Win32.Build.0 = Release MinSize|Win32
		{D16C57DC-F559-4850-8688-0206D3531D3C}.Unicode Debug|Win32.ActiveCfg = Unicode Debug|Win32
		{D16C57DC-F559-4850-8688-0206D3531D3C}.Unicode Debug|Win32.Build.0 = Unicode Debug|Win32
		{D16C57DC-F559-4850-8688-0206D3531D3C}.Unicode Release MinDependency|Win32.ActiveCfg = Unicode Release MinDependency|Win32
		{D16C57DC-F559-4850-8688-0206D3531D3C}.Unicode Release MinDependency|Win32.Build.0 = Unicode Release MinDependency|Win32
		{D16C57DC-F559-4850-8688-0206D3531D3C}.Unicode Release MinSize|Win32.ActiveCfg = Unicode Release MinSize|Win32
		{D16C57DC-F559-4850-8688-0206D3531D3C}.Unicode Release MinSize|Win32.Build.0 = Unicode Release MinSize|Win32
		{3C8F3BA3-8930-47AB-A60D-E4D9144E553A}.Debug|Win32.ActiveCfg = Debug|Win32
		{3C8F3BA3-8930-47AB-A60D-E4D9144E553A}.Debug|Win32.Build.0 = Debug|Win32
		{3C8F3BA3-8930-47AB-A60D-E4D9144E553A}.DebugBlockingOnly|Win32.ActiveCfg = Debug|Win32
		{3C8F3BA3-8930-47AB-A60D-E4D9144E553A}.DebugBlockingOnly|Win32.Build.0 = Debug|Win32
		{3C8F3BA3-8930-47AB-A60D-E4D9144E553A}.Evaluation Release MinDependency|Win32.ActiveCfg = Evaluation Release MinDependency|Win32
		{3C8F3BA3-8930-47AB-A60D-E4D9144E553A}.Evaluation Release MinDependency|Win32.Build.0 = Evaluation Release MinDependency|Win32
		{3C8F3BA3-8930-47AB-A60D-E4D9144E553A}.Release Evaluation MinDependency|Win32.ActiveCfg = Release MinDependency|Win32
		{3C8F3BA3-8930-47AB-A60D-E4D9144E553A}.Release Evaluation MinDependency|Win32.Build.0 = Release MinDependency|Win32
		{3C8F3BA3-8930-47AB-A60D-E4D9144E553A}.Release MinDependency|Win32.ActiveCfg = Release MinDependency|Win32
		{3C8F3BA3-8930-47AB-A60D-E4D9144E553A}.Release MinDependency|Win32.Build.0 = Release MinDependency|Win32
		{3C8F3BA3-8930-47AB-A60D-E4D9144E553A}.Release MinSize|Win32.ActiveCfg = Release MinSize|Win32
		{3C8F3BA3-8930-47AB-A60D-E4D9144E553A}.Release MinSize|Win32.Build.0 = Release MinSize|Win32
		{3C8F3BA3-8930-47AB-A60D-E4D9144E553A}.ReleaseBlockingOnly MinDependency|Win32.ActiveCfg = Release MinDependency|Win32
		{3C8F3BA3-8930-47AB-A60D-E4D9144E553A}.ReleaseBlockingOnly MinDependency|Win32.Build.0 = Release MinDependency|Win32
		{3C8F3BA3-8930-47AB-A60D-E4D9144E553A}.Unicode Debug|Win32.ActiveCfg = Debug|Win32
		{3C8F3BA3-8930-47AB-A60D-E4D9144E553A}.Unicode Debug|Win32.Build.0 = Debug|Win32
		{3C8F3BA3-8930-47AB-A60D-E4D9144E553A}.Unicode Release MinDependency|Win32.ActiveCfg = Release MinDependency|Win32
		{3C8F3BA3-8930-47AB-A60D-E4D9144E553A}.Unicode Release MinDependency|Win32.Build.0 = Release MinDependency|Win32
		{3C8F3BA3-8930-47AB-A60D-E4D9144E553A}.Unicode Release MinSize|Win32.ActiveCfg = Release MinSize|Win32
		{3C8F3BA3-8930-47AB-A60D-E4D9144E553A}.Unicode Release MinSize|Win32.Build.0 = Release MinSize|Win32
		{4FFE4F66-53B4-4472-A7C6-189BEC511CA1}.Debug|Win32.ActiveCfg = Debug|Win32
		{4FFE4F66-53B4-4472-A7C6-189BEC511CA1}.Debug|Win32.Build.0 = Debug|Win32
		{4FFE4F66-53B4-4472-A7C6-189BEC511CA1}.DebugBlockingOnly|Win32.ActiveCfg = Debug|Win32
		{4FFE4F66-53B4-4472-A7C6-189BEC511CA1}.DebugBlockingOnly|Win32.Build.0 = Debug|Win32
		{4FFE4F66-53B4-4472-A7C6-189BEC511CA1}.Evaluation Release MinDependency|Win32.ActiveCfg = Evaluation Release MinDependency|Win32
		{4FFE4F66-53B4-4472-A7C6-189BEC511CA1}.Evaluation Release MinDependency|Win32.Build.0 = Evaluation Release MinDependency|Win32
		{4FFE4F66-53B4-4472-A7C6-189BEC511CA1}.Release Evaluation MinDependency|Win32.ActiveCfg = Release MinSize|Win32
		{4FFE4F66-53B4-4472-A7C6-189BEC511CA1}.Release Evaluation MinDependency|Win32.Build.0 = Release MinSize|Win32
		{4FFE4F66-53B4-4472-A7C6-189BEC511CA1}.Release MinDependency|Win32.ActiveCfg = Release MinDependency|Win32
		{4FFE4F66-53B4-4472-A7C6-189BEC511CA1}.Release MinDependency|Win32.Build.0 = Release MinDependency|Win32
		{4FFE4F66-53B4-4472-A7C6-189BEC511CA1}.Release MinSize|Win32.ActiveCfg = Release MinSize|Win32
		{4FFE4F66-53B4-4472-A7C6-189BEC511CA1}.Release MinSize|Win32.Build.0 = Release MinSize|Win32
		{4FFE4F66-53B4-4472-A7C6-189BEC511CA1}.ReleaseBlockingOnly MinDependency|Win32.ActiveCfg = Release MinSize|Win32
		{4FFE4F66-53B4-4472-A7C6-189BEC511CA1}.ReleaseBlockingOnly MinDependency|Win32.Build.0 = Release MinSize|Win32
		{4FFE4F66-53B4-4472-A7C6-189BEC511CA1}.Unicode Debug|Win32.ActiveCfg = Unicode Debug|Win32
		{4FFE4F66-53B4-4472-A7C6-189BEC511CA1}.Unicode Debug|Win32.Build.0 = Unicode Debug|Win32
		{4FFE4F66-53B4-4472-A7C6-189BEC511CA1}.Unicode Release MinDependency|Win32.ActiveCfg = Unicode Release MinDependency|Win32
		{4FFE4F66-53B4-4472-A7C6-189BEC511CA1}.Unicode Release MinDependency|Win32.Build.0 = Unicode Release MinDependency|Win32
		{4FFE4F66-53B4-4472-A7C6-189BEC511CA1}.Unicode Release MinSize|Win32.ActiveCfg = Unicode Release MinSize|Win32
		{4FFE4F66-53B4-4472-A7C6-189BEC511CA1}.Unicode Release MinSize|Win32.Build.0 = Unicode Release MinSize|Win32
	EndGlobalSection
	GlobalSection(SolutionProperties) = preSolution
		HideSolutionNode = FALSE
	EndGlobalSection
EndGlobal
