
Microsoft Visual Studio Solution File, Format Version 10.00
# Visual Studio 2008
Project("{8BC9CEB8-8B4A-11D0-8D11-00A0C91BC942}") = "XMsgBoxTest", "XMsgBoxTest.vcproj", "{7BD7DBB0-E006-41EF-BBB8-B61410A3BFA8}"
EndProject
Global
	GlobalSection(SolutionConfigurationPlatforms) = preSolution
		Debug|Win32 = Debug|Win32
		Release|Win32 = Release|Win32
	EndGlobalSection
	GlobalSection(ProjectConfigurationPlatforms) = postSolution
		{7BD7DBB0-E006-41EF-BBB8-B61410A3BFA8}.Debug|Win32.ActiveCfg = Debug|Win32
		{7BD7DBB0-E006-41EF-BBB8-B61410A3BFA8}.Debug|Win32.Build.0 = Debug|Win32
		{7BD7DBB0-E006-41EF-BBB8-B61410A3BFA8}.Release|Win32.ActiveCfg = Release|Win32
		{7BD7DBB0-E006-41EF-BBB8-B61410A3BFA8}.Release|Win32.Build.0 = Release|Win32
	EndGlobalSection
	GlobalSection(SolutionProperties) = preSolution
		HideSolutionNode = FALSE
	EndGlobalSection
EndGlobal
