
Microsoft Visual Studio Solution File, Format Version 10.00
# Visual Studio 2008
Project("{8BC9CEB8-8B4A-11D0-8D11-00A0C91BC942}") = "Demo", "Demo.vcproj", "{6048682B-F4CD-4859-B9C3-ECD69F8EC62C}"
EndProject
Global
	GlobalSection(SolutionConfigurationPlatforms) = preSolution
		Debug|Win32 = Debug|Win32
		Release|Win32 = Release|Win32
	EndGlobalSection
	GlobalSection(ProjectConfigurationPlatforms) = postSolution
		{6048682B-F4CD-4859-B9C3-ECD69F8EC62C}.Debug|Win32.ActiveCfg = Debug|Win32
		{6048682B-F4CD-4859-B9C3-ECD69F8EC62C}.Debug|Win32.Build.0 = Debug|Win32
		{6048682B-F4CD-4859-B9C3-ECD69F8EC62C}.Release|Win32.ActiveCfg = Release|Win32
		{6048682B-F4CD-4859-B9C3-ECD69F8EC62C}.Release|Win32.Build.0 = Release|Win32
	EndGlobalSection
	GlobalSection(SolutionProperties) = preSolution
		HideSolutionNode = FALSE
	EndGlobalSection
EndGlobal
