
Microsoft Visual Studio Solution File, Format Version 9.00
# Visual Studio 2005
Project("{8BC9CEB8-8B4A-11D0-8D11-00A0C91BC942}") = "FTP client", "FTPClient.vcproj", "{3219F630-5BA4-48BB-AE65-E8B3DBF198C4}"
EndProject
Global
	GlobalSection(SolutionConfigurationPlatforms) = preSolution
		Debug|Win32 = Debug|Win32
		Release|Win32 = Release|Win32
	EndGlobalSection
	GlobalSection(ProjectConfigurationPlatforms) = postSolution
		{3219F630-5BA4-48BB-AE65-E8B3DBF198C4}.Debug|Win32.ActiveCfg = Unicode Debug|Win32
		{3219F630-5BA4-48BB-AE65-E8B3DBF198C4}.Debug|Win32.Build.0 = Unicode Debug|Win32
		{3219F630-5BA4-48BB-AE65-E8B3DBF198C4}.Release|Win32.ActiveCfg = Release|Win32
		{3219F630-5BA4-48BB-AE65-E8B3DBF198C4}.Release|Win32.Build.0 = Release|Win32
	EndGlobalSection
	GlobalSection(SolutionProperties) = preSolution
		HideSolutionNode = FALSE
	EndGlobalSection
EndGlobal
